
Microsoft Visual Studio Solution File, Format Version 12.00
# Visual Studio Version 17
VisualStudioVersion = 17.5.33424.131
MinimumVisualStudioVersion = 10.0.40219.1
Project("{FAE04EC0-301F-11D3-BF4B-00C04F79EFBC}") = "Single_LinkeList", "Single_LinkeList\Single_LinkeList.csproj", "{7C48B066-25E1-4008-860B-0B4169349A10}"
EndProject
Global
	GlobalSection(SolutionConfigurationPlatforms) = preSolution
		Debug|Any CPU = Debug|Any CPU
		Release|Any CPU = Release|Any CPU
	EndGlobalSection
	GlobalSection(ProjectConfigurationPlatforms) = postSolution
		{7C48B066-25E1-4008-860B-0B4169349A10}.Debug|Any CPU.ActiveCfg = Debug|Any CPU
		{7C48B066-25E1-4008-860B-0B4169349A10}.Debug|Any CPU.Build.0 = Debug|Any CPU
		{7C48B066-25E1-4008-860B-0B4169349A10}.Release|Any CPU.ActiveCfg = Release|Any CPU
		{7C48B066-25E1-4008-860B-0B4169349A10}.Release|Any CPU.Build.0 = Release|Any CPU
	EndGlobalSection
	GlobalSection(SolutionProperties) = preSolution
		HideSolutionNode = FALSE
	EndGlobalSection
	GlobalSection(ExtensibilityGlobals) = postSolution
		SolutionGuid = {E70D5DC7-1194-4877-B4FC-FE63623F5F55}
	EndGlobalSection
EndGlobal
